
Microsoft Visual Studio Solution File, Format Version 12.00
# Visual Studio Version 18
VisualStudioVersion = 18.0.11109.219 d18.0-oob
MinimumVisualStudioVersion = 10.0.40219.1
Project("{2150E333-8FDC-42A3-9474-1A3956D46DE8}") = "src", "src", "{827E0CD3-B72D-47B6-A68D-7590B98EB39B}"
EndProject
Project("{FAE04EC0-301F-11D3-BF4B-00C04F79EFBC}") = "Comments.Domain", "src\Comments.Domain\Comments.Domain.csproj", "{167DFDC8-5426-4707-AD1F-588654549DEE}"
EndProject
Project("{FAE04EC0-301F-11D3-BF4B-00C04F79EFBC}") = "Comments.Application", "src\Comments.Application\Comments.Application.csproj", "{16BEDCF4-A390-4507-B3D5-AA80FFA50E84}"
EndProject
Project("{FAE04EC0-301F-11D3-BF4B-00C04F79EFBC}") = "Comments.Infrastructure", "src\Comments.Infrastructure\Comments.Infrastructure.csproj", "{6AC252A8-736B-4E9E-8AF7-6B9FE66B78F2}"
EndProject
Project("{FAE04EC0-301F-11D3-BF4B-00C04F79EFBC}") = "Comments.SharedKernel", "src\Comments.SharedKernel\Comments.SharedKernel.csproj", "{F1499C3F-61AF-4E6F-997E-BA46FAB749D3}"
EndProject
Project("{FAE04EC0-301F-11D3-BF4B-00C04F79EFBC}") = "Comments.Contracts", "src\Comments.Contracts\Comments.Contracts.csproj", "{D1A74EBF-A814-451A-9F76-8BFBA97CAA49}"
EndProject
Project("{FAE04EC0-301F-11D3-BF4B-00C04F79EFBC}") = "Comments.WebApi", "src\Comments.WebApi\Comments.WebApi.csproj", "{311DF684-DBAC-4836-AA69-E9B01C006A79}"
EndProject
Project("{FAE04EC0-301F-11D3-BF4B-00C04F79EFBC}") = "Comments.Consumers", "src\Comments.Consumers\Comments.Consumers.csproj", "{B1EC6513-D356-4FE7-9826-4158079157A9}"
EndProject
Global
	GlobalSection(SolutionConfigurationPlatforms) = preSolution
		Debug|Any CPU = Debug|Any CPU
		Debug|x64 = Debug|x64
		Debug|x86 = Debug|x86
		Release|Any CPU = Release|Any CPU
		Release|x64 = Release|x64
		Release|x86 = Release|x86
	EndGlobalSection
	GlobalSection(ProjectConfigurationPlatforms) = postSolution
		{167DFDC8-5426-4707-AD1F-588654549DEE}.Debug|Any CPU.ActiveCfg = Debug|Any CPU
		{167DFDC8-5426-4707-AD1F-588654549DEE}.Debug|Any CPU.Build.0 = Debug|Any CPU
		{167DFDC8-5426-4707-AD1F-588654549DEE}.Debug|x64.ActiveCfg = Debug|Any CPU
		{167DFDC8-5426-4707-AD1F-588654549DEE}.Debug|x64.Build.0 = Debug|Any CPU
		{167DFDC8-5426-4707-AD1F-588654549DEE}.Debug|x86.ActiveCfg = Debug|Any CPU
		{167DFDC8-5426-4707-AD1F-588654549DEE}.Debug|x86.Build.0 = Debug|Any CPU
		{167DFDC8-5426-4707-AD1F-588654549DEE}.Release|Any CPU.ActiveCfg = Release|Any CPU
		{167DFDC8-5426-4707-AD1F-588654549DEE}.Release|Any CPU.Build.0 = Release|Any CPU
		{167DFDC8-5426-4707-AD1F-588654549DEE}.Release|x64.ActiveCfg = Release|Any CPU
		{167DFDC8-5426-4707-AD1F-588654549DEE}.Release|x64.Build.0 = Release|Any CPU
		{167DFDC8-5426-4707-AD1F-588654549DEE}.Release|x86.ActiveCfg = Release|Any CPU
		{167DFDC8-5426-4707-AD1F-588654549DEE}.Release|x86.Build.0 = Release|Any CPU
		{16BEDCF4-A390-4507-B3D5-AA80FFA50E84}.Debug|Any CPU.ActiveCfg = Debug|Any CPU
		{16BEDCF4-A390-4507-B3D5-AA80FFA50E84}.Debug|Any CPU.Build.0 = Debug|Any CPU
		{16BEDCF4-A390-4507-B3D5-AA80FFA50E84}.Debug|x64.ActiveCfg = Debug|Any CPU
		{16BEDCF4-A390-4507-B3D5-AA80FFA50E84}.Debug|x64.Build.0 = Debug|Any CPU
		{16BEDCF4-A390-4507-B3D5-AA80FFA50E84}.Debug|x86.ActiveCfg = Debug|Any CPU
		{16BEDCF4-A390-4507-B3D5-AA80FFA50E84}.Debug|x86.Build.0 = Debug|Any CPU
		{16BEDCF4-A390-4507-B3D5-AA80FFA50E84}.Release|Any CPU.ActiveCfg = Release|Any CPU
		{16BEDCF4-A390-4507-B3D5-AA80FFA50E84}.Release|Any CPU.Build.0 = Release|Any CPU
		{16BEDCF4-A390-4507-B3D5-AA80FFA50E84}.Release|x64.ActiveCfg = Release|Any CPU
		{16BEDCF4-A390-4507-B3D5-AA80FFA50E84}.Release|x64.Build.0 = Release|Any CPU
		{16BEDCF4-A390-4507-B3D5-AA80FFA50E84}.Release|x86.ActiveCfg = Release|Any CPU
		{16BEDCF4-A390-4507-B3D5-AA80FFA50E84}.Release|x86.Build.0 = Release|Any CPU
		{6AC252A8-736B-4E9E-8AF7-6B9FE66B78F2}.Debug|Any CPU.ActiveCfg = Debug|Any CPU
		{6AC252A8-736B-4E9E-8AF7-6B9FE66B78F2}.Debug|Any CPU.Build.0 = Debug|Any CPU
		{6AC252A8-736B-4E9E-8AF7-6B9FE66B78F2}.Debug|x64.ActiveCfg = Debug|Any CPU
		{6AC252A8-736B-4E9E-8AF7-6B9FE66B78F2}.Debug|x64.Build.0 = Debug|Any CPU
		{6AC252A8-736B-4E9E-8AF7-6B9FE66B78F2}.Debug|x86.ActiveCfg = Debug|Any CPU
		{6AC252A8-736B-4E9E-8AF7-6B9FE66B78F2}.Debug|x86.Build.0 = Debug|Any CPU
		{6AC252A8-736B-4E9E-8AF7-6B9FE66B78F2}.Release|Any CPU.ActiveCfg = Release|Any CPU
		{6AC252A8-736B-4E9E-8AF7-6B9FE66B78F2}.Release|Any CPU.Build.0 = Release|Any CPU
		{6AC252A8-736B-4E9E-8AF7-6B9FE66B78F2}.Release|x64.ActiveCfg = Release|Any CPU
		{6AC252A8-736B-4E9E-8AF7-6B9FE66B78F2}.Release|x64.Build.0 = Release|Any CPU
		{6AC252A8-736B-4E9E-8AF7-6B9FE66B78F2}.Release|x86.ActiveCfg = Release|Any CPU
		{6AC252A8-736B-4E9E-8AF7-6B9FE66B78F2}.Release|x86.Build.0 = Release|Any CPU
		{F1499C3F-61AF-4E6F-997E-BA46FAB749D3}.Debug|Any CPU.ActiveCfg = Debug|Any CPU
		{F1499C3F-61AF-4E6F-997E-BA46FAB749D3}.Debug|Any CPU.Build.0 = Debug|Any CPU
		{F1499C3F-61AF-4E6F-997E-BA46FAB749D3}.Debug|x64.ActiveCfg = Debug|Any CPU
		{F1499C3F-61AF-4E6F-997E-BA46FAB749D3}.Debug|x64.Build.0 = Debug|Any CPU
		{F1499C3F-61AF-4E6F-997E-BA46FAB749D3}.Debug|x86.ActiveCfg = Debug|Any CPU
		{F1499C3F-61AF-4E6F-997E-BA46FAB749D3}.Debug|x86.Build.0 = Debug|Any CPU
		{F1499C3F-61AF-4E6F-997E-BA46FAB749D3}.Release|Any CPU.ActiveCfg = Release|Any CPU
		{F1499C3F-61AF-4E6F-997E-BA46FAB749D3}.Release|Any CPU.Build.0 = Release|Any CPU
		{F1499C3F-61AF-4E6F-997E-BA46FAB749D3}.Release|x64.ActiveCfg = Release|Any CPU
		{F1499C3F-61AF-4E6F-997E-BA46FAB749D3}.Release|x64.Build.0 = Release|Any CPU
		{F1499C3F-61AF-4E6F-997E-BA46FAB749D3}.Release|x86.ActiveCfg = Release|Any CPU
		{F1499C3F-61AF-4E6F-997E-BA46FAB749D3}.Release|x86.Build.0 = Release|Any CPU
		{D1A74EBF-A814-451A-9F76-8BFBA97CAA49}.Debug|Any CPU.ActiveCfg = Debug|Any CPU
		{D1A74EBF-A814-451A-9F76-8BFBA97CAA49}.Debug|Any CPU.Build.0 = Debug|Any CPU
		{D1A74EBF-A814-451A-9F76-8BFBA97CAA49}.Debug|x64.ActiveCfg = Debug|Any CPU
		{D1A74EBF-A814-451A-9F76-8BFBA97CAA49}.Debug|x64.Build.0 = Debug|Any CPU
		{D1A74EBF-A814-451A-9F76-8BFBA97CAA49}.Debug|x86.ActiveCfg = Debug|Any CPU
		{D1A74EBF-A814-451A-9F76-8BFBA97CAA49}.Debug|x86.Build.0 = Debug|Any CPU
		{D1A74EBF-A814-451A-9F76-8BFBA97CAA49}.Release|Any CPU.ActiveCfg = Release|Any CPU
		{D1A74EBF-A814-451A-9F76-8BFBA97CAA49}.Release|Any CPU.Build.0 = Release|Any CPU
		{D1A74EBF-A814-451A-9F76-8BFBA97CAA49}.Release|x64.ActiveCfg = Release|Any CPU
		{D1A74EBF-A814-451A-9F76-8BFBA97CAA49}.Release|x64.Build.0 = Release|Any CPU
		{D1A74EBF-A814-451A-9F76-8BFBA97CAA49}.Release|x86.ActiveCfg = Release|Any CPU
		{D1A74EBF-A814-451A-9F76-8BFBA97CAA49}.Release|x86.Build.0 = Release|Any CPU
		{311DF684-DBAC-4836-AA69-E9B01C006A79}.Debug|Any CPU.ActiveCfg = Debug|Any CPU
		{311DF684-DBAC-4836-AA69-E9B01C006A79}.Debug|Any CPU.Build.0 = Debug|Any CPU
		{311DF684-DBAC-4836-AA69-E9B01C006A79}.Debug|x64.ActiveCfg = Debug|Any CPU
		{311DF684-DBAC-4836-AA69-E9B01C006A79}.Debug|x64.Build.0 = Debug|Any CPU
		{311DF684-DBAC-4836-AA69-E9B01C006A79}.Debug|x86.ActiveCfg = Debug|Any CPU
		{311DF684-DBAC-4836-AA69-E9B01C006A79}.Debug|x86.Build.0 = Debug|Any CPU
		{311DF684-DBAC-4836-AA69-E9B01C006A79}.Release|Any CPU.ActiveCfg = Release|Any CPU
		{311DF684-DBAC-4836-AA69-E9B01C006A79}.Release|Any CPU.Build.0 = Release|Any CPU
		{311DF684-DBAC-4836-AA69-E9B01C006A79}.Release|x64.ActiveCfg = Release|Any CPU
		{311DF684-DBAC-4836-AA69-E9B01C006A79}.Release|x64.Build.0 = Release|Any CPU
		{311DF684-DBAC-4836-AA69-E9B01C006A79}.Release|x86.ActiveCfg = Release|Any CPU
		{311DF684-DBAC-4836-AA69-E9B01C006A79}.Release|x86.Build.0 = Release|Any CPU
		{B1EC6513-D356-4FE7-9826-4158079157A9}.Debug|Any CPU.ActiveCfg = Debug|Any CPU
		{B1EC6513-D356-4FE7-9826-4158079157A9}.Debug|Any CPU.Build.0 = Debug|Any CPU
		{B1EC6513-D356-4FE7-9826-4158079157A9}.Debug|x64.ActiveCfg = Debug|Any CPU
		{B1EC6513-D356-4FE7-9826-4158079157A9}.Debug|x64.Build.0 = Debug|Any CPU
		{B1EC6513-D356-4FE7-9826-4158079157A9}.Debug|x86.ActiveCfg = Debug|Any CPU
		{B1EC6513-D356-4FE7-9826-4158079157A9}.Debug|x86.Build.0 = Debug|Any CPU
		{B1EC6513-D356-4FE7-9826-4158079157A9}.Release|Any CPU.ActiveCfg = Release|Any CPU
		{B1EC6513-D356-4FE7-9826-4158079157A9}.Release|Any CPU.Build.0 = Release|Any CPU
		{B1EC6513-D356-4FE7-9826-4158079157A9}.Release|x64.ActiveCfg = Release|Any CPU
		{B1EC6513-D356-4FE7-9826-4158079157A9}.Release|x64.Build.0 = Release|Any CPU
		{B1EC6513-D356-4FE7-9826-4158079157A9}.Release|x86.ActiveCfg = Release|Any CPU
		{B1EC6513-D356-4FE7-9826-4158079157A9}.Release|x86.Build.0 = Release|Any CPU
	EndGlobalSection
	GlobalSection(SolutionProperties) = preSolution
		HideSolutionNode = FALSE
	EndGlobalSection
	GlobalSection(NestedProjects) = preSolution
		{167DFDC8-5426-4707-AD1F-588654549DEE} = {827E0CD3-B72D-47B6-A68D-7590B98EB39B}
		{16BEDCF4-A390-4507-B3D5-AA80FFA50E84} = {827E0CD3-B72D-47B6-A68D-7590B98EB39B}
		{6AC252A8-736B-4E9E-8AF7-6B9FE66B78F2} = {827E0CD3-B72D-47B6-A68D-7590B98EB39B}
		{F1499C3F-61AF-4E6F-997E-BA46FAB749D3} = {827E0CD3-B72D-47B6-A68D-7590B98EB39B}
		{D1A74EBF-A814-451A-9F76-8BFBA97CAA49} = {827E0CD3-B72D-47B6-A68D-7590B98EB39B}
		{311DF684-DBAC-4836-AA69-E9B01C006A79} = {827E0CD3-B72D-47B6-A68D-7590B98EB39B}
		{B1EC6513-D356-4FE7-9826-4158079157A9} = {827E0CD3-B72D-47B6-A68D-7590B98EB39B}
	EndGlobalSection
EndGlobal
